
Microsoft Visual Studio Solution File, Format Version 12.00
# Visual Studio Version 16
VisualStudioVersion = 16.0.30626.31
MinimumVisualStudioVersion = 15.0.26124.0
Project("{2150E333-8FDC-42A3-9474-1A3956D46DE8}") = "src", "src", "{632E91F2-A8F3-4336-93F4-176C0AA63D3E}"
EndProject
Project("{9A19103F-16F7-4668-BE54-9A1E7A4F7556}") = "WebUI", "src\WebUI\WebUI.csproj", "{A7A27C5A-5BBE-4C2D-9F7F-EB6523D139B4}"
EndProject
Project("{9A19103F-16F7-4668-BE54-9A1E7A4F7556}") = "Infrastructure", "src\Infrastructure\Infrastructure.csproj", "{A1E3FD65-3471-4F6C-92B8-D46D4C8CD34A}"
EndProject
Project("{9A19103F-16F7-4668-BE54-9A1E7A4F7556}") = "Domain", "src\Domain\Domain.csproj", "{AD441A60-04C5-41B4-B7DB-E3CB02BCC194}"
EndProject
Project("{9A19103F-16F7-4668-BE54-9A1E7A4F7556}") = "Application", "src\Application\Application.csproj", "{3A0CE66F-858F-4931-BE30-E5F3A943FE3C}"
EndProject
Project("{2150E333-8FDC-42A3-9474-1A3956D46DE8}") = "tests", "tests", "{9C59DB77-6DB8-4740-858F-B3A2E4DC5097}"
EndProject
Project("{9A19103F-16F7-4668-BE54-9A1E7A4F7556}") = "Application.UnitTests", "tests\Application.UnitTests\Application.UnitTests.csproj", "{AD7DBD81-AF6D-4947-85BD-81CC0603ACA1}"
EndProject
Project("{9A19103F-16F7-4668-BE54-9A1E7A4F7556}") = "Application.IntegrationTests", "tests\CaWorkshop.Application.IntegrationTests\Application.IntegrationTests.csproj", "{45F67584-5EB8-41B8-9EFE-5E29D2BA9E68}"
EndProject
Global
	GlobalSection(SolutionConfigurationPlatforms) = preSolution
		Debug|Any CPU = Debug|Any CPU
		Release|Any CPU = Release|Any CPU
	EndGlobalSection
	GlobalSection(ProjectConfigurationPlatforms) = postSolution
		{A7A27C5A-5BBE-4C2D-9F7F-EB6523D139B4}.Debug|Any CPU.ActiveCfg = Debug|Any CPU
		{A7A27C5A-5BBE-4C2D-9F7F-EB6523D139B4}.Debug|Any CPU.Build.0 = Debug|Any CPU
		{A7A27C5A-5BBE-4C2D-9F7F-EB6523D139B4}.Release|Any CPU.ActiveCfg = Release|Any CPU
		{A7A27C5A-5BBE-4C2D-9F7F-EB6523D139B4}.Release|Any CPU.Build.0 = Release|Any CPU
		{A1E3FD65-3471-4F6C-92B8-D46D4C8CD34A}.Debug|Any CPU.ActiveCfg = Debug|Any CPU
		{A1E3FD65-3471-4F6C-92B8-D46D4C8CD34A}.Debug|Any CPU.Build.0 = Debug|Any CPU
		{A1E3FD65-3471-4F6C-92B8-D46D4C8CD34A}.Release|Any CPU.ActiveCfg = Release|Any CPU
		{A1E3FD65-3471-4F6C-92B8-D46D4C8CD34A}.Release|Any CPU.Build.0 = Release|Any CPU
		{AD441A60-04C5-41B4-B7DB-E3CB02BCC194}.Debug|Any CPU.ActiveCfg = Debug|Any CPU
		{AD441A60-04C5-41B4-B7DB-E3CB02BCC194}.Debug|Any CPU.Build.0 = Debug|Any CPU
		{AD441A60-04C5-41B4-B7DB-E3CB02BCC194}.Release|Any CPU.ActiveCfg = Release|Any CPU
		{AD441A60-04C5-41B4-B7DB-E3CB02BCC194}.Release|Any CPU.Build.0 = Release|Any CPU
		{3A0CE66F-858F-4931-BE30-E5F3A943FE3C}.Debug|Any CPU.ActiveCfg = Debug|Any CPU
		{3A0CE66F-858F-4931-BE30-E5F3A943FE3C}.Debug|Any CPU.Build.0 = Debug|Any CPU
		{3A0CE66F-858F-4931-BE30-E5F3A943FE3C}.Release|Any CPU.ActiveCfg = Release|Any CPU
		{3A0CE66F-858F-4931-BE30-E5F3A943FE3C}.Release|Any CPU.Build.0 = Release|Any CPU
		{AD7DBD81-AF6D-4947-85BD-81CC0603ACA1}.Debug|Any CPU.ActiveCfg = Debug|Any CPU
		{AD7DBD81-AF6D-4947-85BD-81CC0603ACA1}.Debug|Any CPU.Build.0 = Debug|Any CPU
		{AD7DBD81-AF6D-4947-85BD-81CC0603ACA1}.Release|Any CPU.ActiveCfg = Release|Any CPU
		{AD7DBD81-AF6D-4947-85BD-81CC0603ACA1}.Release|Any CPU.Build.0 = Release|Any CPU
		{45F67584-5EB8-41B8-9EFE-5E29D2BA9E68}.Debug|Any CPU.ActiveCfg = Debug|Any CPU
		{45F67584-5EB8-41B8-9EFE-5E29D2BA9E68}.Debug|Any CPU.Build.0 = Debug|Any CPU
		{45F67584-5EB8-41B8-9EFE-5E29D2BA9E68}.Release|Any CPU.ActiveCfg = Release|Any CPU
		{45F67584-5EB8-41B8-9EFE-5E29D2BA9E68}.Release|Any CPU.Build.0 = Release|Any CPU
	EndGlobalSection
	GlobalSection(SolutionProperties) = preSolution
		HideSolutionNode = FALSE
	EndGlobalSection
	GlobalSection(NestedProjects) = preSolution
		{A7A27C5A-5BBE-4C2D-9F7F-EB6523D139B4} = {632E91F2-A8F3-4336-93F4-176C0AA63D3E}
		{A1E3FD65-3471-4F6C-92B8-D46D4C8CD34A} = {632E91F2-A8F3-4336-93F4-176C0AA63D3E}
		{AD441A60-04C5-41B4-B7DB-E3CB02BCC194} = {632E91F2-A8F3-4336-93F4-176C0AA63D3E}
		{3A0CE66F-858F-4931-BE30-E5F3A943FE3C} = {632E91F2-A8F3-4336-93F4-176C0AA63D3E}
		{AD7DBD81-AF6D-4947-85BD-81CC0603ACA1} = {9C59DB77-6DB8-4740-858F-B3A2E4DC5097}
		{45F67584-5EB8-41B8-9EFE-5E29D2BA9E68} = {9C59DB77-6DB8-4740-858F-B3A2E4DC5097}
	EndGlobalSection
	GlobalSection(ExtensibilityGlobals) = postSolution
		SolutionGuid = {D6B46594-AD70-46D8-A8F1-DCD1E8C2B84E}
	EndGlobalSection
EndGlobal
